{
  "lockfileVersion": 1,
  "workspaces": {
    "": {
      "name": "recipe-scrapers-js",
      "dependencies": {
        "iso8601-duration": "^2.1.3",
        "parse-ingredient": "^2.1.0",
        "schema-dts": "^1.1.5",
      },
      "devDependencies": {
        "@biomejs/biome": "2.4.4",
        "@types/bun": "^1.3.9",
        "cheerio": "^1.2.0",
        "tsdown": "^0.20.3",
        "typescript": "^5.9.3",
        "zod": "^4.3.6",
      },
      "peerDependencies": {
        "cheerio": "^1",
        "zod": "^4",
      },
    },
  },
  "packages": {
    "@babel/generator": ["@babel/generator@8.0.0-rc.1", "", { "dependencies": { "@babel/parser": "^8.0.0-rc.1", "@babel/types": "^8.0.0-rc.1", "@jridgewell/gen-mapping": "^0.3.12", "@jridgewell/trace-mapping": "^0.3.28", "@types/jsesc": "^2.5.0", "jsesc": "^3.0.2" } }, "sha512-3ypWOOiC4AYHKr8vYRVtWtWmyvcoItHtVqF8paFax+ydpmUdPsJpLBkBBs5ItmhdrwC3a0ZSqqFAdzls4ODP3w=="],

    "@babel/helper-string-parser": ["@babel/helper-string-parser@8.0.0-rc.2", "", {}, "sha512-noLx87RwlBEMrTzncWd/FvTxoJ9+ycHNg0n8yyYydIoDsLZuxknKgWRJUqcrVkNrJ74uGyhWQzQaS3q8xfGAhQ=="],

    "@babel/helper-validator-identifier": ["@babel/helper-validator-identifier@8.0.0-rc.1", "", {}, "sha512-I4YnARytXC2RzkLNVnf5qFNFMzp679qZpmtw/V3Jt2uGnWiIxyJtaukjG7R8pSx8nG2NamICpGfljQsogj+FbQ=="],

    "@babel/parser": ["@babel/parser@8.0.0-rc.1", "", { "dependencies": { "@babel/types": "^8.0.0-rc.1" }, "bin": "./bin/babel-parser.js" }, "sha512-6HyyU5l1yK/7h9Ki52i5h6mDAx4qJdiLQO4FdCyJNoB/gy3T3GGJdhQzzbZgvgZCugYBvwtQiWRt94QKedHnkA=="],

    "@babel/types": ["@babel/types@8.0.0-rc.1", "", { "dependencies": { "@babel/helper-string-parser": "^8.0.0-rc.1", "@babel/helper-validator-identifier": "^8.0.0-rc.1" } }, "sha512-ubmJ6TShyaD69VE9DQrlXcdkvJbmwWPB8qYj0H2kaJi29O7vJT9ajSdBd2W8CG34pwL9pYA74fi7RHC1qbLoVQ=="],

    "@biomejs/biome": ["@biomejs/biome@2.4.4", "", { "optionalDependencies": { "@biomejs/cli-darwin-arm64": "2.4.4", "@biomejs/cli-darwin-x64": "2.4.4", "@biomejs/cli-linux-arm64": "2.4.4", "@biomejs/cli-linux-arm64-musl": "2.4.4", "@biomejs/cli-linux-x64": "2.4.4", "@biomejs/cli-linux-x64-musl": "2.4.4", "@biomejs/cli-win32-arm64": "2.4.4", "@biomejs/cli-win32-x64": "2.4.4" }, "bin": { "biome": "bin/biome" } }, "sha512-tigwWS5KfJf0cABVd52NVaXyAVv4qpUXOWJ1rxFL8xF1RVoeS2q/LK+FHgYoKMclJCuRoCWAPy1IXaN9/mS61Q=="],

    "@biomejs/cli-darwin-arm64": ["@biomejs/cli-darwin-arm64@2.4.4", "", { "os": "darwin", "cpu": "arm64" }, "sha512-jZ+Xc6qvD6tTH5jM6eKX44dcbyNqJHssfl2nnwT6vma6B1sj7ZLTGIk6N5QwVBs5xGN52r3trk5fgd3sQ9We9A=="],

    "@biomejs/cli-darwin-x64": ["@biomejs/cli-darwin-x64@2.4.4", "", { "os": "darwin", "cpu": "x64" }, "sha512-Dh1a/+W+SUCXhEdL7TiX3ArPTFCQKJTI1mGncZNWfO+6suk+gYA4lNyJcBB+pwvF49uw0pEbUS49BgYOY4hzUg=="],

    "@biomejs/cli-linux-arm64": ["@biomejs/cli-linux-arm64@2.4.4", "", { "os": "linux", "cpu": "arm64" }, "sha512-V/NFfbWhsUU6w+m5WYbBenlEAz8eYnSqRMDMAW3K+3v0tYVkNyZn8VU0XPxk/lOqNXLSCCrV7FmV/u3SjCBShg=="],

    "@biomejs/cli-linux-arm64-musl": ["@biomejs/cli-linux-arm64-musl@2.4.4", "", { "os": "linux", "cpu": "arm64" }, "sha512-+sPAXq3bxmFwhVFJnSwkSF5Rw2ZAJMH3MF6C9IveAEOdSpgajPhoQhbbAK12SehN9j2QrHpk4J/cHsa/HqWaYQ=="],

    "@biomejs/cli-linux-x64": ["@biomejs/cli-linux-x64@2.4.4", "", { "os": "linux", "cpu": "x64" }, "sha512-R4+ZCDtG9kHArasyBO+UBD6jr/FcFCTH8QkNTOCu0pRJzCWyWC4EtZa2AmUZB5h3e0jD7bRV2KvrENcf8rndBg=="],

    "@biomejs/cli-linux-x64-musl": ["@biomejs/cli-linux-x64-musl@2.4.4", "", { "os": "linux", "cpu": "x64" }, "sha512-gGvFTGpOIQDb5CQ2VC0n9Z2UEqlP46c4aNgHmAMytYieTGEcfqhfCFnhs6xjt0S3igE6q5GLuIXtdQt3Izok+g=="],

    "@biomejs/cli-win32-arm64": ["@biomejs/cli-win32-arm64@2.4.4", "", { "os": "win32", "cpu": "arm64" }, "sha512-trzCqM7x+Gn832zZHgr28JoYagQNX4CZkUZhMUac2YxvvyDRLJDrb5m9IA7CaZLlX6lTQmADVfLEKP1et1Ma4Q=="],

    "@biomejs/cli-win32-x64": ["@biomejs/cli-win32-x64@2.4.4", "", { "os": "win32", "cpu": "x64" }, "sha512-gnOHKVPFAAPrpoPt2t+Q6FZ7RPry/FDV3GcpU53P3PtLNnQjBmKyN2Vh/JtqXet+H4pme8CC76rScwdjDcT1/A=="],

    "@emnapi/core": ["@emnapi/core@1.7.1", "", { "dependencies": { "@emnapi/wasi-threads": "1.1.0", "tslib": "^2.4.0" } }, "sha512-o1uhUASyo921r2XtHYOHy7gdkGLge8ghBEQHMWmyJFoXlpU58kIrhhN3w26lpQb6dspetweapMn2CSNwQ8I4wg=="],

    "@emnapi/runtime": ["@emnapi/runtime@1.7.1", "", { "dependencies": { "tslib": "^2.4.0" } }, "sha512-PVtJr5CmLwYAU9PZDMITZoR5iAOShYREoR45EyyLrbntV50mdePTgUn4AmOw90Ifcj+x2kRjdzr1HP3RrNiHGA=="],

    "@emnapi/wasi-threads": ["@emnapi/wasi-threads@1.1.0", "", { "dependencies": { "tslib": "^2.4.0" } }, "sha512-WI0DdZ8xFSbgMjR1sFsKABJ/C5OnRrjT06JXbZKexJGrDuPTzZdDYfFlsgcCXCyf+suG5QU2e/y1Wo2V/OapLQ=="],

    "@jridgewell/gen-mapping": ["@jridgewell/gen-mapping@0.3.13", "", { "dependencies": { "@jridgewell/sourcemap-codec": "^1.5.0", "@jridgewell/trace-mapping": "^0.3.24" } }, "sha512-2kkt/7niJ6MgEPxF0bYdQ6etZaA+fQvDcLKckhy1yIQOzaoKjBBjSj63/aLVjYE3qhRt5dvM+uUyfCg6UKCBbA=="],

    "@jridgewell/resolve-uri": ["@jridgewell/resolve-uri@3.1.2", "", {}, "sha512-bRISgCIjP20/tbWSPWMEi54QVPRZExkuD9lJL+UIxUKtwVJA8wW1Trb1jMs1RFXo1CBTNZ/5hpC9QvmKWdopKw=="],

    "@jridgewell/sourcemap-codec": ["@jridgewell/sourcemap-codec@1.5.5", "", {}, "sha512-cYQ9310grqxueWbl+WuIUIaiUaDcj7WOq5fVhEljNVgRfOUhY9fy2zTvfoqWsnebh8Sl70VScFbICvJnLKB0Og=="],

    "@jridgewell/trace-mapping": ["@jridgewell/trace-mapping@0.3.31", "", { "dependencies": { "@jridgewell/resolve-uri": "^3.1.0", "@jridgewell/sourcemap-codec": "^1.4.14" } }, "sha512-zzNR+SdQSDJzc8joaeP8QQoCQr8NuYx2dIIytl1QeBEZHJ9uW6hebsrYgbz8hJwUQao3TWCMtmfV8Nu1twOLAw=="],

    "@napi-rs/wasm-runtime": ["@napi-rs/wasm-runtime@1.1.1", "", { "dependencies": { "@emnapi/core": "^1.7.1", "@emnapi/runtime": "^1.7.1", "@tybys/wasm-util": "^0.10.1" } }, "sha512-p64ah1M1ld8xjWv3qbvFwHiFVWrq1yFvV4f7w+mzaqiR4IlSgkqhcRdHwsGgomwzBH51sRY4NEowLxnaBjcW/A=="],

    "@oxc-project/types": ["@oxc-project/types@0.112.0", "", {}, "sha512-m6RebKHIRsax2iCwVpYW2ErQwa4ywHJrE4sCK3/8JK8ZZAWOKXaRJFl/uP51gaVyyXlaS4+chU1nSCdzYf6QqQ=="],

    "@quansync/fs": ["@quansync/fs@1.0.0", "", { "dependencies": { "quansync": "^1.0.0" } }, "sha512-4TJ3DFtlf1L5LDMaM6CanJ/0lckGNtJcMjQ1NAV6zDmA0tEHKZtxNKin8EgPaVX1YzljbxckyT2tJrpQKAtngQ=="],

    "@rolldown/binding-android-arm64": ["@rolldown/binding-android-arm64@1.0.0-rc.3", "", { "os": "android", "cpu": "arm64" }, "sha512-0T1k9FinuBZ/t7rZ8jN6OpUKPnUjNdYHoj/cESWrQ3ZraAJ4OMm6z7QjSfCxqj8mOp9kTKc1zHK3kGz5vMu+nQ=="],

    "@rolldown/binding-darwin-arm64": ["@rolldown/binding-darwin-arm64@1.0.0-rc.3", "", { "os": "darwin", "cpu": "arm64" }, "sha512-JWWLzvcmc/3pe7qdJqPpuPk91SoE/N+f3PcWx/6ZwuyDVyungAEJPvKm/eEldiDdwTmaEzWfIR+HORxYWrCi1A=="],

    "@rolldown/binding-darwin-x64": ["@rolldown/binding-darwin-x64@1.0.0-rc.3", "", { "os": "darwin", "cpu": "x64" }, "sha512-MTakBxfx3tde5WSmbHxuqlDsIW0EzQym+PJYGF4P6lG2NmKzi128OGynoFUqoD5ryCySEY85dug4v+LWGBElIw=="],

    "@rolldown/binding-freebsd-x64": ["@rolldown/binding-freebsd-x64@1.0.0-rc.3", "", { "os": "freebsd", "cpu": "x64" }, "sha512-jje3oopyOLs7IwfvXoS6Lxnmie5JJO7vW29fdGFu5YGY1EDbVDhD+P9vDihqS5X6fFiqL3ZQZCMBg6jyHkSVww=="],

    "@rolldown/binding-linux-arm-gnueabihf": ["@rolldown/binding-linux-arm-gnueabihf@1.0.0-rc.3", "", { "os": "linux", "cpu": "arm" }, "sha512-A0n8P3hdLAaqzSFrQoA42p23ZKBYQOw+8EH5r15Sa9X1kD9/JXe0YT2gph2QTWvdr0CVK2BOXiK6ENfy6DXOag=="],

    "@rolldown/binding-linux-arm64-gnu": ["@rolldown/binding-linux-arm64-gnu@1.0.0-rc.3", "", { "os": "linux", "cpu": "arm64" }, "sha512-kWXkoxxarYISBJ4bLNf5vFkEbb4JvccOwxWDxuK9yee8lg5XA7OpvlTptfRuwEvYcOZf+7VS69Uenpmpyo5Bjw=="],

    "@rolldown/binding-linux-arm64-musl": ["@rolldown/binding-linux-arm64-musl@1.0.0-rc.3", "", { "os": "linux", "cpu": "arm64" }, "sha512-Z03/wrqau9Bicfgb3Dbs6SYTHliELk2PM2LpG2nFd+cGupTMF5kanLEcj2vuuJLLhptNyS61rtk7SOZ+lPsTUA=="],

    "@rolldown/binding-linux-x64-gnu": ["@rolldown/binding-linux-x64-gnu@1.0.0-rc.3", "", { "os": "linux", "cpu": "x64" }, "sha512-iSXXZsQp08CSilff/DCTFZHSVEpEwdicV3W8idHyrByrcsRDVh9sGC3sev6d8BygSGj3vt8GvUKBPCoyMA4tgQ=="],

    "@rolldown/binding-linux-x64-musl": ["@rolldown/binding-linux-x64-musl@1.0.0-rc.3", "", { "os": "linux", "cpu": "x64" }, "sha512-qaj+MFudtdCv9xZo9znFvkgoajLdc+vwf0Kz5N44g+LU5XMe+IsACgn3UG7uTRlCCvhMAGXm1XlpEA5bZBrOcw=="],

    "@rolldown/binding-openharmony-arm64": ["@rolldown/binding-openharmony-arm64@1.0.0-rc.3", "", { "os": "none", "cpu": "arm64" }, "sha512-U662UnMETyjT65gFmG9ma+XziENrs7BBnENi/27swZPYagubfHRirXHG2oMl+pEax2WvO7Kb9gHZmMakpYqBHQ=="],

    "@rolldown/binding-wasm32-wasi": ["@rolldown/binding-wasm32-wasi@1.0.0-rc.3", "", { "dependencies": { "@napi-rs/wasm-runtime": "^1.1.1" }, "cpu": "none" }, "sha512-gekrQ3Q2HiC1T5njGyuUJoGpK/l6B/TNXKed3fZXNf9YRTJn3L5MOZsFBn4bN2+UX+8+7hgdlTcEsexX988G4g=="],

    "@rolldown/binding-win32-arm64-msvc": ["@rolldown/binding-win32-arm64-msvc@1.0.0-rc.3", "", { "os": "win32", "cpu": "arm64" }, "sha512-85y5JifyMgs8m5K2XzR/VDsapKbiFiohl7s5lEj7nmNGO0pkTXE7q6TQScei96BNAsoK7JC3pA7ukA8WRHVJpg=="],

    "@rolldown/binding-win32-x64-msvc": ["@rolldown/binding-win32-x64-msvc@1.0.0-rc.3", "", { "os": "win32", "cpu": "x64" }, "sha512-a4VUQZH7LxGbUJ3qJ/TzQG8HxdHvf+jOnqf7B7oFx1TEBm+j2KNL2zr5SQ7wHkNAcaPevF6gf9tQnVBnC4mD+A=="],

    "@rolldown/pluginutils": ["@rolldown/pluginutils@1.0.0-rc.3", "", {}, "sha512-eybk3TjzzzV97Dlj5c+XrBFW57eTNhzod66y9HrBlzJ6NsCrWCp/2kaPS3K9wJmurBC0Tdw4yPjXKZqlznim3Q=="],

    "@tybys/wasm-util": ["@tybys/wasm-util@0.10.1", "", { "dependencies": { "tslib": "^2.4.0" } }, "sha512-9tTaPJLSiejZKx+Bmog4uSubteqTvFrVrURwkmHixBo0G4seD0zUxp98E1DzUBJxLQ3NPwXrGKDiVjwx/DpPsg=="],

    "@types/bun": ["@types/bun@1.3.9", "", { "dependencies": { "bun-types": "1.3.9" } }, "sha512-KQ571yULOdWJiMH+RIWIOZ7B2RXQGpL1YQrBtLIV3FqDcCu6FsbFUBwhdKUlCKUpS3PJDsHlJ1QKlpxoVR+xtw=="],

    "@types/estree": ["@types/estree@1.0.8", "", {}, "sha512-dWHzHa2WqEXI/O1E9OjrocMTKJl2mSrEolh1Iomrv6U+JuNwaHXsXx9bLu5gG7BUWFIN0skIQJQ/L1rIex4X6w=="],

    "@types/jsesc": ["@types/jsesc@2.5.1", "", {}, "sha512-9VN+6yxLOPLOav+7PwjZbxiID2bVaeq0ED4qSQmdQTdjnXJSaCVKTR58t15oqH1H5t8Ng2ZX1SabJVoN9Q34bw=="],

    "@types/node": ["@types/node@22.15.29", "", { "dependencies": { "undici-types": "~6.21.0" } }, "sha512-LNdjOkUDlU1RZb8e1kOIUpN1qQUlzGkEtbVNo53vbrwDg5om6oduhm4SiUaPW5ASTXhAiP0jInWG8Qx9fVlOeQ=="],

    "ansis": ["ansis@4.2.0", "", {}, "sha512-HqZ5rWlFjGiV0tDm3UxxgNRqsOTniqoKZu0pIAfh7TZQMGuZK+hH0drySty0si0QXj1ieop4+SkSfPZBPPkHig=="],

    "ast-kit": ["ast-kit@3.0.0-beta.1", "", { "dependencies": { "@babel/parser": "^8.0.0-beta.4", "estree-walker": "^3.0.3", "pathe": "^2.0.3" } }, "sha512-trmleAnZ2PxN/loHWVhhx1qeOHSRXq4TDsBBxq3GqeJitfk3+jTQ+v/C1km/KYq9M7wKqCewMh+/NAvVH7m+bw=="],

    "birpc": ["birpc@4.0.0", "", {}, "sha512-LShSxJP0KTmd101b6DRyGBj57LZxSDYWKitQNW/mi8GRMvZb078Uf9+pveax1DrVL89vm7mWe+TovdI/UDOuPw=="],

    "boolbase": ["boolbase@1.0.0", "", {}, "sha512-JZOSA7Mo9sNGB8+UjSgzdLtokWAky1zbztM3WRLCbZ70/3cTANmQmOdR7y2g+J0e2WXywy1yS468tY+IruqEww=="],

    "bun-types": ["bun-types@1.3.9", "", { "dependencies": { "@types/node": "*" } }, "sha512-+UBWWOakIP4Tswh0Bt0QD0alpTY8cb5hvgiYeWCMet9YukHbzuruIEeXC2D7nMJPB12kbh8C7XJykSexEqGKJg=="],

    "cac": ["cac@6.7.14", "", {}, "sha512-b6Ilus+c3RrdDk+JhLKUAQfzzgLEPy6wcXqS7f/xe1EETvsDP6GORG7SFuOs6cID5YkqchW/LXZbX5bc8j7ZcQ=="],

    "cheerio": ["cheerio@1.2.0", "", { "dependencies": { "cheerio-select": "^2.1.0", "dom-serializer": "^2.0.0", "domhandler": "^5.0.3", "domutils": "^3.2.2", "encoding-sniffer": "^0.2.1", "htmlparser2": "^10.1.0", "parse5": "^7.3.0", "parse5-htmlparser2-tree-adapter": "^7.1.0", "parse5-parser-stream": "^7.1.2", "undici": "^7.19.0", "whatwg-mimetype": "^4.0.0" } }, "sha512-WDrybc/gKFpTYQutKIK6UvfcuxijIZfMfXaYm8NMsPQxSYvf+13fXUJ4rztGGbJcBQ/GF55gvrZ0Bc0bj/mqvg=="],

    "cheerio-select": ["cheerio-select@2.1.0", "", { "dependencies": { "boolbase": "^1.0.0", "css-select": "^5.1.0", "css-what": "^6.1.0", "domelementtype": "^2.3.0", "domhandler": "^5.0.3", "domutils": "^3.0.1" } }, "sha512-9v9kG0LvzrlcungtnJtpGNxY+fzECQKhK4EGJX2vByejiMX84MFNQw4UxPJl3bFbTMw+Dfs37XaIkCwTZfLh4g=="],

    "css-select": ["css-select@5.1.0", "", { "dependencies": { "boolbase": "^1.0.0", "css-what": "^6.1.0", "domhandler": "^5.0.2", "domutils": "^3.0.1", "nth-check": "^2.0.1" } }, "sha512-nwoRF1rvRRnnCqqY7updORDsuqKzqYJ28+oSMaJMMgOauh3fvwHqMS7EZpIPqK8GL+g9mKxF1vP/ZjSeNjEVHg=="],

    "css-what": ["css-what@6.1.0", "", {}, "sha512-HTUrgRJ7r4dsZKU6GjmpfRK1O76h97Z8MfS1G0FozR+oF2kG6Vfe8JE6zwrkbxigziPHinCJ+gCPjA9EaBDtRw=="],

    "defu": ["defu@6.1.4", "", {}, "sha512-mEQCMmwJu317oSz8CwdIOdwf3xMif1ttiM8LTufzc3g6kR+9Pe236twL8j3IYT1F7GfRgGcW6MWxzZjLIkuHIg=="],

    "dom-serializer": ["dom-serializer@2.0.0", "", { "dependencies": { "domelementtype": "^2.3.0", "domhandler": "^5.0.2", "entities": "^4.2.0" } }, "sha512-wIkAryiqt/nV5EQKqQpo3SToSOV9J0DnbJqwK7Wv/Trc92zIAYZ4FlMu+JPFW1DfGFt81ZTCGgDEabffXeLyJg=="],

    "domelementtype": ["domelementtype@2.3.0", "", {}, "sha512-OLETBj6w0OsagBwdXnPdN0cnMfF9opN69co+7ZrbfPGrdpPVNBUj02spi6B1N7wChLQiPn4CSH/zJvXw56gmHw=="],

    "domhandler": ["domhandler@5.0.3", "", { "dependencies": { "domelementtype": "^2.3.0" } }, "sha512-cgwlv/1iFQiFnU96XXgROh8xTeetsnJiDsTc7TYCLFd9+/WNkIqPTxiM/8pSd8VIrhXGTf1Ny1q1hquVqDJB5w=="],

    "domutils": ["domutils@3.2.2", "", { "dependencies": { "dom-serializer": "^2.0.0", "domelementtype": "^2.3.0", "domhandler": "^5.0.3" } }, "sha512-6kZKyUajlDuqlHKVX1w7gyslj9MPIXzIFiz/rGu35uC1wMi+kMhQwGhl4lt9unC9Vb9INnY9Z3/ZA3+FhASLaw=="],

    "dts-resolver": ["dts-resolver@2.1.3", "", { "peerDependencies": { "oxc-resolver": ">=11.0.0" }, "optionalPeers": ["oxc-resolver"] }, "sha512-bihc7jPC90VrosXNzK0LTE2cuLP6jr0Ro8jk+kMugHReJVLIpHz/xadeq3MhuwyO4TD4OA3L1Q8pBBFRc08Tsw=="],

    "empathic": ["empathic@2.0.0", "", {}, "sha512-i6UzDscO/XfAcNYD75CfICkmfLedpyPDdozrLMmQc5ORaQcdMoc21OnlEylMIqI7U8eniKrPMxxtj8k0vhmJhA=="],

    "encoding-sniffer": ["encoding-sniffer@0.2.1", "", { "dependencies": { "iconv-lite": "^0.6.3", "whatwg-encoding": "^3.1.1" } }, "sha512-5gvq20T6vfpekVtqrYQsSCFZ1wEg5+wW0/QaZMWkFr6BqD3NfKs0rLCx4rrVlSWJeZb5NBJgVLswK/w2MWU+Gw=="],

    "entities": ["entities@4.5.0", "", {}, "sha512-V0hjH4dGPh9Ao5p0MoRY6BVqtwCjhz6vI5LT8AJ55H+4g9/4vbHx1I54fS0XuclLhDHArPQCiMjDxjaL8fPxhw=="],

    "estree-walker": ["estree-walker@3.0.3", "", { "dependencies": { "@types/estree": "^1.0.0" } }, "sha512-7RUKfXgSMMkzt6ZuXmqapOurLGPPfgj6l9uRZ7lRGolvk0y2yocc35LdcxKC5PQZdn2DMqioAQ2NoWcrTKmm6g=="],

    "fdir": ["fdir@6.5.0", "", { "peerDependencies": { "picomatch": "^3 || ^4" }, "optionalPeers": ["picomatch"] }, "sha512-tIbYtZbucOs0BRGqPJkshJUYdL+SDH7dVM8gjy+ERp3WAUjLEFJE+02kanyHtwjWOnwrKYBiwAmM0p4kLJAnXg=="],

    "get-tsconfig": ["get-tsconfig@4.13.6", "", { "dependencies": { "resolve-pkg-maps": "^1.0.0" } }, "sha512-shZT/QMiSHc/YBLxxOkMtgSid5HFoauqCE3/exfsEcwg1WkeqjG+V40yBbBrsD+jW2HDXcs28xOfcbm2jI8Ddw=="],

    "hookable": ["hookable@6.0.1", "", {}, "sha512-uKGyY8BuzN/a5gvzvA+3FVWo0+wUjgtfSdnmjtrOVwQCZPHpHDH2WRO3VZSOeluYrHoDCiXFffZXs8Dj1ULWtw=="],

    "htmlparser2": ["htmlparser2@10.1.0", "", { "dependencies": { "domelementtype": "^2.3.0", "domhandler": "^5.0.3", "domutils": "^3.2.2", "entities": "^7.0.1" } }, "sha512-VTZkM9GWRAtEpveh7MSF6SjjrpNVNNVJfFup7xTY3UpFtm67foy9HDVXneLtFVt4pMz5kZtgNcvCniNFb1hlEQ=="],

    "iconv-lite": ["iconv-lite@0.6.3", "", { "dependencies": { "safer-buffer": ">= 2.1.2 < 3.0.0" } }, "sha512-4fCk79wshMdzMp2rH06qWrJE4iolqLhCUH+OiuIgU++RB0+94NlDL81atO7GX55uUKueo0txHNtvEyI6D7WdMw=="],

    "import-without-cache": ["import-without-cache@0.2.5", "", {}, "sha512-B6Lc2s6yApwnD2/pMzFh/d5AVjdsDXjgkeJ766FmFuJELIGHNycKRj+l3A39yZPM4CchqNCB4RITEAYB1KUM6A=="],

    "iso8601-duration": ["iso8601-duration@2.1.3", "", {}, "sha512-OwkROKDXYhqKTl9uyB+/+lQ/Tx+L9LVb9tNRcsO4LtCSBDrmYbzyJLg9rGjYKAPDabD6IVdjMyUnnULHpejrCg=="],

    "jsesc": ["jsesc@3.1.0", "", { "bin": { "jsesc": "bin/jsesc" } }, "sha512-/sM3dO2FOzXjKQhJuo0Q173wf2KOo8t4I8vHy6lF9poUp7bKT0/NHE8fPX23PwfhnykfqnC2xRxOnVw5XuGIaA=="],

    "nth-check": ["nth-check@2.1.1", "", { "dependencies": { "boolbase": "^1.0.0" } }, "sha512-lqjrjmaOoAnWfMmBPL+XNnynZh2+swxiX3WUE0s4yEHI6m+AwrK2UZOimIRl3X/4QctVqS8AiZjFqyOGrMXb/w=="],

    "numeric-quantity": ["numeric-quantity@3.2.1", "", {}, "sha512-VxyUyUAMWGcQcOVrsH7KzrrFZTrN875eDte0lY4pSj1FDtHjnDkVKgk6Q3lcjJwJSRWcMtSaNAuZlfdh7NtFIw=="],

    "obug": ["obug@2.1.1", "", {}, "sha512-uTqF9MuPraAQ+IsnPf366RG4cP9RtUi7MLO1N3KEc+wb0a6yKpeL0lmk2IB1jY5KHPAlTc6T/JRdC/YqxHNwkQ=="],

    "parse-ingredient": ["parse-ingredient@2.1.0", "", { "dependencies": { "numeric-quantity": "^3.2.0" } }, "sha512-aKiC9VN1JHaWyDwmoVNgJR1A/uw0Iu2X6SZ7fk9XmGC2kD2jhKCEQ7CRFJsiZzN0I+90YoIt2yaVkKmN4o248w=="],

    "parse5": ["parse5@7.3.0", "", { "dependencies": { "entities": "^6.0.0" } }, "sha512-IInvU7fabl34qmi9gY8XOVxhYyMyuH2xUNpb2q8/Y+7552KlejkRvqvD19nMoUW/uQGGbqNpA6Tufu5FL5BZgw=="],

    "parse5-htmlparser2-tree-adapter": ["parse5-htmlparser2-tree-adapter@7.1.0", "", { "dependencies": { "domhandler": "^5.0.3", "parse5": "^7.0.0" } }, "sha512-ruw5xyKs6lrpo9x9rCZqZZnIUntICjQAd0Wsmp396Ul9lN/h+ifgVV1x1gZHi8euej6wTfpqX8j+BFQxF0NS/g=="],

    "parse5-parser-stream": ["parse5-parser-stream@7.1.2", "", { "dependencies": { "parse5": "^7.0.0" } }, "sha512-JyeQc9iwFLn5TbvvqACIF/VXG6abODeB3Fwmv/TGdLk2LfbWkaySGY72at4+Ty7EkPZj854u4CrICqNk2qIbow=="],

    "pathe": ["pathe@2.0.3", "", {}, "sha512-WUjGcAqP1gQacoQe+OBJsFA7Ld4DyXuUIjZ5cc75cLHvJ7dtNsTugphxIADwspS+AraAUePCKrSVtPLFj/F88w=="],

    "picomatch": ["picomatch@4.0.3", "", {}, "sha512-5gTmgEY/sqK6gFXLIsQNH19lWb4ebPDLA4SdLP7dsWkIXHWlG66oPuVvXSGFPppYZz8ZDZq0dYYrbHfBCVUb1Q=="],

    "quansync": ["quansync@1.0.0", "", {}, "sha512-5xZacEEufv3HSTPQuchrvV6soaiACMFnq1H8wkVioctoH3TRha9Sz66lOxRwPK/qZj7HPiSveih9yAyh98gvqA=="],

    "resolve-pkg-maps": ["resolve-pkg-maps@1.0.0", "", {}, "sha512-seS2Tj26TBVOC2NIc2rOe2y2ZO7efxITtLZcGSOnHHNOQ7CkiUBfw0Iw2ck6xkIhPwLhKNLS8BO+hEpngQlqzw=="],

    "rolldown": ["rolldown@1.0.0-rc.3", "", { "dependencies": { "@oxc-project/types": "=0.112.0", "@rolldown/pluginutils": "1.0.0-rc.3" }, "optionalDependencies": { "@rolldown/binding-android-arm64": "1.0.0-rc.3", "@rolldown/binding-darwin-arm64": "1.0.0-rc.3", "@rolldown/binding-darwin-x64": "1.0.0-rc.3", "@rolldown/binding-freebsd-x64": "1.0.0-rc.3", "@rolldown/binding-linux-arm-gnueabihf": "1.0.0-rc.3", "@rolldown/binding-linux-arm64-gnu": "1.0.0-rc.3", "@rolldown/binding-linux-arm64-musl": "1.0.0-rc.3", "@rolldown/binding-linux-x64-gnu": "1.0.0-rc.3", "@rolldown/binding-linux-x64-musl": "1.0.0-rc.3", "@rolldown/binding-openharmony-arm64": "1.0.0-rc.3", "@rolldown/binding-wasm32-wasi": "1.0.0-rc.3", "@rolldown/binding-win32-arm64-msvc": "1.0.0-rc.3", "@rolldown/binding-win32-x64-msvc": "1.0.0-rc.3" }, "bin": { "rolldown": "bin/cli.mjs" } }, "sha512-Po/YZECDOqVXjIXrtC5h++a5NLvKAQNrd9ggrIG3sbDfGO5BqTUsrI6l8zdniKRp3r5Tp/2JTrXqx4GIguFCMw=="],

    "rolldown-plugin-dts": ["rolldown-plugin-dts@0.22.2", "", { "dependencies": { "@babel/generator": "8.0.0-rc.1", "@babel/helper-validator-identifier": "8.0.0-rc.1", "@babel/parser": "8.0.0-rc.1", "@babel/types": "8.0.0-rc.1", "ast-kit": "^3.0.0-beta.1", "birpc": "^4.0.0", "dts-resolver": "^2.1.3", "get-tsconfig": "^4.13.6", "obug": "^2.1.1" }, "peerDependencies": { "@ts-macro/tsc": "^0.3.6", "@typescript/native-preview": ">=7.0.0-dev.20250601.1", "rolldown": "^1.0.0-rc.3", "typescript": "^5.0.0 || ^6.0.0-beta", "vue-tsc": "~3.2.0" }, "optionalPeers": ["@ts-macro/tsc", "@typescript/native-preview", "typescript", "vue-tsc"] }, "sha512-Ge+XF962Kobjr0hRPx1neVnLU2jpKkD2zevZTfPKf/0el4eYo9SyGPm0stiHDG2JQuL0Q3HLD0Kn+ST8esvVdA=="],

    "safer-buffer": ["safer-buffer@2.1.2", "", {}, "sha512-YZo3K82SD7Riyi0E1EQPojLz7kpepnSQI9IyPbHHg1XXXevb5dJI7tpyN2ADxGcQbHG7vcyRHk0cbwqcQriUtg=="],

    "schema-dts": ["schema-dts@1.1.5", "", {}, "sha512-RJr9EaCmsLzBX2NDiO5Z3ux2BVosNZN5jo0gWgsyKvxKIUL5R3swNvoorulAeL9kLB0iTSX7V6aokhla2m7xbg=="],

    "semver": ["semver@7.7.3", "", { "bin": { "semver": "bin/semver.js" } }, "sha512-SdsKMrI9TdgjdweUSR9MweHA4EJ8YxHn8DFaDisvhVlUOe4BF1tLD7GAj0lIqWVl+dPb/rExr0Btby5loQm20Q=="],

    "tinyexec": ["tinyexec@1.0.2", "", {}, "sha512-W/KYk+NFhkmsYpuHq5JykngiOCnxeVL8v8dFnqxSD8qEEdRfXk1SDM6JzNqcERbcGYj9tMrDQBYV9cjgnunFIg=="],

    "tinyglobby": ["tinyglobby@0.2.15", "", { "dependencies": { "fdir": "^6.5.0", "picomatch": "^4.0.3" } }, "sha512-j2Zq4NyQYG5XMST4cbs02Ak8iJUdxRM0XI5QyxXuZOzKOINmWurp3smXu3y5wDcJrptwpSjgXHzIQxR0omXljQ=="],

    "tree-kill": ["tree-kill@1.2.2", "", { "bin": { "tree-kill": "cli.js" } }, "sha512-L0Orpi8qGpRG//Nd+H90vFB+3iHnue1zSSGmNOOCh1GLJ7rUKVwV2HvijphGQS2UmhUZewS9VgvxYIdgr+fG1A=="],

    "tsdown": ["tsdown@0.20.3", "", { "dependencies": { "ansis": "^4.2.0", "cac": "^6.7.14", "defu": "^6.1.4", "empathic": "^2.0.0", "hookable": "^6.0.1", "import-without-cache": "^0.2.5", "obug": "^2.1.1", "picomatch": "^4.0.3", "rolldown": "1.0.0-rc.3", "rolldown-plugin-dts": "^0.22.1", "semver": "^7.7.3", "tinyexec": "^1.0.2", "tinyglobby": "^0.2.15", "tree-kill": "^1.2.2", "unconfig-core": "^7.4.2", "unrun": "^0.2.27" }, "peerDependencies": { "@arethetypeswrong/core": "^0.18.1", "@vitejs/devtools": "*", "publint": "^0.3.0", "typescript": "^5.0.0", "unplugin-lightningcss": "^0.4.0", "unplugin-unused": "^0.5.0" }, "optionalPeers": ["@arethetypeswrong/core", "@vitejs/devtools", "publint", "typescript", "unplugin-lightningcss", "unplugin-unused"], "bin": { "tsdown": "dist/run.mjs" } }, "sha512-qWOUXSbe4jN8JZEgrkc/uhJpC8VN2QpNu3eZkBWwNuTEjc/Ik1kcc54ycfcQ5QPRHeu9OQXaLfCI3o7pEJgB2w=="],

    "tslib": ["tslib@2.8.1", "", {}, "sha512-oJFu94HQb+KVduSUQL7wnpmqnfmLsOA/nAh6b6EH0wCEoK0/mPeXU6c3wKDV83MkOuHPRHtSXKKU99IBazS/2w=="],

    "typescript": ["typescript@5.9.3", "", { "bin": { "tsc": "bin/tsc", "tsserver": "bin/tsserver" } }, "sha512-jl1vZzPDinLr9eUt3J/t7V6FgNEw9QjvBPdysz9KfQDD41fQrC2Y4vKQdiaUpFT4bXlb1RHhLpp8wtm6M5TgSw=="],

    "unconfig-core": ["unconfig-core@7.4.2", "", { "dependencies": { "@quansync/fs": "^1.0.0", "quansync": "^1.0.0" } }, "sha512-VgPCvLWugINbXvMQDf8Jh0mlbvNjNC6eSUziHsBCMpxR05OPrNrvDnyatdMjRgcHaaNsCqz+wjNXxNw1kRLHUg=="],

    "undici": ["undici@7.22.0", "", {}, "sha512-RqslV2Us5BrllB+JeiZnK4peryVTndy9Dnqq62S3yYRRTj0tFQCwEniUy2167skdGOy3vqRzEvl1Dm4sV2ReDg=="],

    "undici-types": ["undici-types@6.21.0", "", {}, "sha512-iwDZqg0QAGrg9Rav5H4n0M64c3mkR59cJ6wQp+7C4nI0gsmExaedaYLNO44eT4AtBBwjbTiGPMlt2Md0T9H9JQ=="],

    "unrun": ["unrun@0.2.28", "", { "dependencies": { "rolldown": "1.0.0-rc.5" }, "peerDependencies": { "synckit": "^0.11.11" }, "optionalPeers": ["synckit"], "bin": { "unrun": "dist/cli.mjs" } }, "sha512-LqMrI3ZEUMZ2476aCsbUTfy95CHByqez05nju4AQv4XFPkxh5yai7Di1/Qb0FoELHEEPDWhQi23EJeFyrBV0Og=="],

    "whatwg-encoding": ["whatwg-encoding@3.1.1", "", { "dependencies": { "iconv-lite": "0.6.3" } }, "sha512-6qN4hJdMwfYBtE3YBTTHhoeuUrDBPZmbQaxWAqSALV/MeEnR5z1xd8UKud2RAkFoPkmB+hli1TZSnyi84xz1vQ=="],

    "whatwg-mimetype": ["whatwg-mimetype@4.0.0", "", {}, "sha512-QaKxh0eNIi2mE9p2vEdzfagOKHCcj1pJ56EEHGQOVxp8r9/iszLUUV7v89x9O1p/T+NlTM5W7jW6+cz4Fq1YVg=="],

    "zod": ["zod@4.3.6", "", {}, "sha512-rftlrkhHZOcjDwkGlnUtZZkvaPHCsDATp4pGpuOOMDaTdDDXF91wuVDJoWoPsKX/3YPQ5fHuF3STjcYyKr+Qhg=="],

    "htmlparser2/entities": ["entities@7.0.1", "", {}, "sha512-TWrgLOFUQTH994YUyl1yT4uyavY5nNB5muff+RtWaqNVCAK408b5ZnnbNAUEWLTCpum9w6arT70i1XdQ4UeOPA=="],

    "parse5/entities": ["entities@6.0.0", "", {}, "sha512-aKstq2TDOndCn4diEyp9Uq/Flu2i1GlLkc6XIDQSDMuaFE3OPW5OphLCyQ5SpSJZTb4reN+kTcYru5yIfXoRPw=="],

    "unrun/rolldown": ["rolldown@1.0.0-rc.5", "", { "dependencies": { "@oxc-project/types": "=0.114.0", "@rolldown/pluginutils": "1.0.0-rc.5" }, "optionalDependencies": { "@rolldown/binding-android-arm64": "1.0.0-rc.5", "@rolldown/binding-darwin-arm64": "1.0.0-rc.5", "@rolldown/binding-darwin-x64": "1.0.0-rc.5", "@rolldown/binding-freebsd-x64": "1.0.0-rc.5", "@rolldown/binding-linux-arm-gnueabihf": "1.0.0-rc.5", "@rolldown/binding-linux-arm64-gnu": "1.0.0-rc.5", "@rolldown/binding-linux-arm64-musl": "1.0.0-rc.5", "@rolldown/binding-linux-x64-gnu": "1.0.0-rc.5", "@rolldown/binding-linux-x64-musl": "1.0.0-rc.5", "@rolldown/binding-openharmony-arm64": "1.0.0-rc.5", "@rolldown/binding-wasm32-wasi": "1.0.0-rc.5", "@rolldown/binding-win32-arm64-msvc": "1.0.0-rc.5", "@rolldown/binding-win32-x64-msvc": "1.0.0-rc.5" }, "bin": { "rolldown": "bin/cli.mjs" } }, "sha512-0AdalTs6hNTioaCYIkAa7+xsmHBfU5hCNclZnM/lp7lGGDuUOb6N4BVNtwiomybbencDjq/waKjTImqiGCs5sw=="],

    "unrun/rolldown/@oxc-project/types": ["@oxc-project/types@0.114.0", "", {}, "sha512-//nBfbzHQHvJs8oFIjv6coZ6uxQ4alLfiPe6D5vit6c4pmxATHHlVwgB1k+Hv4yoAMyncdxgRBF5K4BYWUCzvA=="],

    "unrun/rolldown/@rolldown/binding-android-arm64": ["@rolldown/binding-android-arm64@1.0.0-rc.5", "", { "os": "android", "cpu": "arm64" }, "sha512-zCEmUrt1bggwgBgeKLxNj217J1OrChrp3jJt24VK9jAharSTeVaHODNL+LpcQVhRz+FktYWfT9cjo5oZ99ZLpg=="],

    "unrun/rolldown/@rolldown/binding-darwin-arm64": ["@rolldown/binding-darwin-arm64@1.0.0-rc.5", "", { "os": "darwin", "cpu": "arm64" }, "sha512-ZP9xb9lPAex36pvkNWCjSEJW/Gfdm9I3ssiqOFLmpZ/vosPXgpoGxCmh+dX1Qs+/bWQE6toNFXWWL8vYoKoK9Q=="],

    "unrun/rolldown/@rolldown/binding-darwin-x64": ["@rolldown/binding-darwin-x64@1.0.0-rc.5", "", { "os": "darwin", "cpu": "x64" }, "sha512-7IdrPunf6dp9mywMgTOKMMGDnMHQ6+h5gRl6LW8rhD8WK2kXX0IwzcM5Zc0B5J7xQs8QWOlKjv8BJsU/1CD3pg=="],

    "unrun/rolldown/@rolldown/binding-freebsd-x64": ["@rolldown/binding-freebsd-x64@1.0.0-rc.5", "", { "os": "freebsd", "cpu": "x64" }, "sha512-o/JCk+dL0IN68EBhZ4DqfsfvxPfMeoM6cJtxORC1YYoxGHZyth2Kb2maXDb4oddw2wu8iIbnYXYPEzBtAF5CAg=="],

    "unrun/rolldown/@rolldown/binding-linux-arm-gnueabihf": ["@rolldown/binding-linux-arm-gnueabihf@1.0.0-rc.5", "", { "os": "linux", "cpu": "arm" }, "sha512-IIBwTtA6VwxQLcEgq2mfrUgam7VvPZjhd/jxmeS1npM+edWsrrpRLHUdze+sk4rhb8/xpP3flemgcZXXUW6ukw=="],

    "unrun/rolldown/@rolldown/binding-linux-arm64-gnu": ["@rolldown/binding-linux-arm64-gnu@1.0.0-rc.5", "", { "os": "linux", "cpu": "arm64" }, "sha512-KSol1De1spMZL+Xg7K5IBWXIvRWv7+pveaxFWXpezezAG7CS6ojzRjtCGCiLxQricutTAi/LkNWKMsd2wNhMKQ=="],

    "unrun/rolldown/@rolldown/binding-linux-arm64-musl": ["@rolldown/binding-linux-arm64-musl@1.0.0-rc.5", "", { "os": "linux", "cpu": "arm64" }, "sha512-WFljyDkxtXRlWxMjxeegf7xMYXxUr8u7JdXlOEWKYgDqEgxUnSEsVDxBiNWQ1D5kQKwf8Wo4sVKEYPRhCdsjwA=="],

    "unrun/rolldown/@rolldown/binding-linux-x64-gnu": ["@rolldown/binding-linux-x64-gnu@1.0.0-rc.5", "", { "os": "linux", "cpu": "x64" }, "sha512-CUlplTujmbDWp2gamvrqVKi2Or8lmngXT1WxsizJfts7JrvfGhZObciaY/+CbdbS9qNnskvwMZNEhTPrn7b+WA=="],

    "unrun/rolldown/@rolldown/binding-linux-x64-musl": ["@rolldown/binding-linux-x64-musl@1.0.0-rc.5", "", { "os": "linux", "cpu": "x64" }, "sha512-wdf7g9NbVZCeAo2iGhsjJb7I8ZFfs6X8bumfrWg82VK+8P6AlLXwk48a1ASiJQDTS7Svq2xVzZg3sGO2aXpHRA=="],

    "unrun/rolldown/@rolldown/binding-openharmony-arm64": ["@rolldown/binding-openharmony-arm64@1.0.0-rc.5", "", { "os": "none", "cpu": "arm64" }, "sha512-0CWY7ubu12nhzz+tkpHjoG3IRSTlWYe0wrfJRf4qqjqQSGtAYgoL9kwzdvlhaFdZ5ffVeyYw9qLsChcjUMEloQ=="],

    "unrun/rolldown/@rolldown/binding-wasm32-wasi": ["@rolldown/binding-wasm32-wasi@1.0.0-rc.5", "", { "dependencies": { "@napi-rs/wasm-runtime": "^1.1.1" }, "cpu": "none" }, "sha512-LztXnGzv6t2u830mnZrFLRVqT/DPJ9DL4ZTz/y93rqUVkeHjMMYIYaFj+BUthiYxbVH9dH0SZYufETspKY/NhA=="],

    "unrun/rolldown/@rolldown/binding-win32-arm64-msvc": ["@rolldown/binding-win32-arm64-msvc@1.0.0-rc.5", "", { "os": "win32", "cpu": "arm64" }, "sha512-jUct1XVeGtyjqJXEAfvdFa8xoigYZ2rge7nYEm70ppQxpfH9ze2fbIrpHmP2tNM2vL/F6Dd0CpXhpjPbC6bSxQ=="],

    "unrun/rolldown/@rolldown/binding-win32-x64-msvc": ["@rolldown/binding-win32-x64-msvc@1.0.0-rc.5", "", { "os": "win32", "cpu": "x64" }, "sha512-VQ8F9ld5gw29epjnVGdrx8ugiLTe8BMqmhDYy7nGbdeDo4HAt4bgdZvLbViEhg7DZyHLpiEUlO5/jPSUrIuxRQ=="],

    "unrun/rolldown/@rolldown/pluginutils": ["@rolldown/pluginutils@1.0.0-rc.5", "", {}, "sha512-RxlLX/DPoarZ9PtxVrQgZhPoor987YtKQqCo5zkjX+0S0yLJ7Vv515Wk6+xtTL67VONKJKxETWZwuZjss2idYw=="],
  }
}
